
Microsoft Visual Studio Solution File, Format Version 11.00
# Visual Studio 2010
Project("{FAE04EC0-301F-11D3-BF4B-00C04F79EFBC}") = "Assembly-CSharp-firstpass", "Assembly-CSharp-firstpass.csproj", "{55c4e1d2-d4eb-5a3d-5e77-d76ae7630c7e}"
EndProject
Project("{FAE04EC0-301F-11D3-BF4B-00C04F79EFBC}") = "Assembly-CSharp", "Assembly-CSharp.csproj", "{6f541ef2-85d2-8e2e-abb2-6a4fc3d4405f}"
EndProject
Project("{FAE04EC0-301F-11D3-BF4B-00C04F79EFBC}") = "Assembly-CSharp-Editor", "Assembly-CSharp-Editor.csproj", "{60b32ace-d127-2135-b680-118efcb2a208}"
EndProject
Project("{FAE04EC0-301F-11D3-BF4B-00C04F79EFBC}") = "Assembly-CSharp-Editor-firstpass", "Assembly-CSharp-Editor-firstpass.csproj", "{7050cc0e-e06a-f99f-41c7-7d26c48c2aba}"
EndProject
Global
	GlobalSection(SolutionConfigurationPlatforms) = preSolution
		Debug|Any CPU = Debug|Any CPU
	EndGlobalSection
	GlobalSection(ProjectConfigurationPlatforms) = postSolution
		{55c4e1d2-d4eb-5a3d-5e77-d76ae7630c7e}.Debug|Any CPU.ActiveCfg = Debug|Any CPU
		{55c4e1d2-d4eb-5a3d-5e77-d76ae7630c7e}.Debug|Any CPU.Build.0 = Debug|Any CPU
		{6f541ef2-85d2-8e2e-abb2-6a4fc3d4405f}.Debug|Any CPU.ActiveCfg = Debug|Any CPU
		{6f541ef2-85d2-8e2e-abb2-6a4fc3d4405f}.Debug|Any CPU.Build.0 = Debug|Any CPU
		{60b32ace-d127-2135-b680-118efcb2a208}.Debug|Any CPU.ActiveCfg = Debug|Any CPU
		{60b32ace-d127-2135-b680-118efcb2a208}.Debug|Any CPU.Build.0 = Debug|Any CPU
		{7050cc0e-e06a-f99f-41c7-7d26c48c2aba}.Debug|Any CPU.ActiveCfg = Debug|Any CPU
		{7050cc0e-e06a-f99f-41c7-7d26c48c2aba}.Debug|Any CPU.Build.0 = Debug|Any CPU
	EndGlobalSection
	GlobalSection(SolutionProperties) = preSolution
		HideSolutionNode = FALSE
	EndGlobalSection
EndGlobal
